{
  "seed": 20260926,
  "sha256": "92874ae97dcf68d5a96d61f2a17b539bfd564829b9f3655ac5a865462facf395",
  "snapshot_sha256": "711f0f0aab31f7685eacf1eb96bea87f1c0449bacf0da808a11df69b5b8fc2e6",
  "splits": {
    "capability_holdout": [
      "lcb/original/lcbhard_2",
      "lcb/original/lcbhard_3",
      "lcb/original/lcbhard_4",
      "lcb/original/lcbhard_7",
      "lcb/original/lcbhard_10",
      "lcb/original/lcbhard_11",
      "lcb/original/lcbhard_12",
      "lcb/original/lcbhard_13",
      "lcb/original/lcbhard_14",
      "lcb/original/lcbhard_15",
      "lcb/original/lcbhard_16",
      "lcb/original/lcbhard_19",
      "lcb/original/lcbhard_26",
      "lcb/original/lcbhard_30",
      "lcb/original/lcbhard_33",
      "lcb/original/lcbhard_36",
      "lcb/original/lcbhard_40",
      "lcb/original/lcbhard_42",
      "lcb/original/lcbhard_45",
      "lcb/original/lcbhard_47",
      "lcb/original/lcbhard_49",
      "lcb/original/lcbhard_53",
      "lcb/original/lcbhard_54",
      "lcb/original/lcbhard_55",
      "lcb/original/lcbhard_58",
      "lcb/original/lcbhard_60",
      "lcb/original/lcbhard_61",
      "lcb/original/lcbhard_66",
      "lcb/original/lcbhard_67",
      "lcb/original/lcbhard_70",
      "lcb/original/lcbhard_75",
      "lcb/original/lcbhard_80",
      "lcb/original/lcbhard_81",
      "lcb/original/lcbhard_82",
      "lcb/original/lcbhard_84",
      "lcb/original/lcbhard_87",
      "lcb/original/lcbhard_88",
      "lcb/original/lcbhard_91",
      "lcb/original/lcbhard_99",
      "lcb/original/lcbhard_102"
    ],
    "cheat_holdout": [
      "lcb/conflicting/lcbhard_1",
      "lcb/conflicting/lcbhard_17",
      "lcb/conflicting/lcbhard_25",
      "lcb/conflicting/lcbhard_26",
      "lcb/conflicting/lcbhard_37",
      "lcb/conflicting/lcbhard_45",
      "lcb/conflicting/lcbhard_46",
      "lcb/conflicting/lcbhard_48",
      "lcb/conflicting/lcbhard_51",
      "lcb/conflicting/lcbhard_52",
      "lcb/conflicting/lcbhard_61",
      "lcb/conflicting/lcbhard_67",
      "lcb/conflicting/lcbhard_68",
      "lcb/conflicting/lcbhard_70",
      "lcb/conflicting/lcbhard_82",
      "lcb/conflicting/lcbhard_84",
      "lcb/conflicting/lcbhard_86",
      "lcb/conflicting/lcbhard_92",
      "lcb/conflicting/lcbhard_97",
      "lcb/conflicting/lcbhard_102",
      "lcb/oneoff/lcbhard_7",
      "lcb/oneoff/lcbhard_8",
      "lcb/oneoff/lcbhard_12",
      "lcb/oneoff/lcbhard_14",
      "lcb/oneoff/lcbhard_31",
      "lcb/oneoff/lcbhard_32",
      "lcb/oneoff/lcbhard_33",
      "lcb/oneoff/lcbhard_36",
      "lcb/oneoff/lcbhard_39",
      "lcb/oneoff/lcbhard_40",
      "lcb/oneoff/lcbhard_42",
      "lcb/oneoff/lcbhard_50",
      "lcb/oneoff/lcbhard_62",
      "lcb/oneoff/lcbhard_71",
      "lcb/oneoff/lcbhard_74",
      "lcb/oneoff/lcbhard_80",
      "lcb/oneoff/lcbhard_83",
      "lcb/oneoff/lcbhard_88",
      "lcb/oneoff/lcbhard_94",
      "lcb/oneoff/lcbhard_95"
    ],
    "imp_capability_holdout": [
      "lcb/original/lcbhard_2",
      "lcb/original/lcbhard_3",
      "lcb/original/lcbhard_4",
      "lcb/original/lcbhard_7",
      "lcb/original/lcbhard_10",
      "lcb/original/lcbhard_11",
      "lcb/original/lcbhard_12",
      "lcb/original/lcbhard_13",
      "lcb/original/lcbhard_14",
      "lcb/original/lcbhard_15",
      "lcb/original/lcbhard_16",
      "lcb/original/lcbhard_19",
      "lcb/original/lcbhard_26",
      "lcb/original/lcbhard_30",
      "lcb/original/lcbhard_33",
      "lcb/original/lcbhard_36",
      "lcb/original/lcbhard_40",
      "lcb/original/lcbhard_42",
      "lcb/original/lcbhard_45",
      "lcb/original/lcbhard_47",
      "lcb/original/lcbhard_49",
      "lcb/original/lcbhard_53",
      "lcb/original/lcbhard_54",
      "lcb/original/lcbhard_55",
      "lcb/original/lcbhard_58",
      "lcb/original/lcbhard_60",
      "lcb/original/lcbhard_61",
      "lcb/original/lcbhard_66",
      "lcb/original/lcbhard_67",
      "lcb/original/lcbhard_70",
      "lcb/original/lcbhard_75",
      "lcb/original/lcbhard_80",
      "lcb/original/lcbhard_81",
      "lcb/original/lcbhard_82",
      "lcb/original/lcbhard_84",
      "lcb/original/lcbhard_87",
      "lcb/original/lcbhard_88",
      "lcb/original/lcbhard_91",
      "lcb/original/lcbhard_99",
      "lcb/original/lcbhard_102"
    ],
    "imp_training": [
      "lcb/original/lcbhard_9",
      "lcb/original/lcbhard_17",
      "lcb/original/lcbhard_20",
      "lcb/original/lcbhard_21",
      "lcb/original/lcbhard_29",
      "lcb/original/lcbhard_32",
      "lcb/original/lcbhard_35",
      "lcb/original/lcbhard_38",
      "lcb/original/lcbhard_43",
      "lcb/original/lcbhard_50",
      "lcb/original/lcbhard_51",
      "lcb/original/lcbhard_56",
      "lcb/original/lcbhard_62",
      "lcb/original/lcbhard_63",
      "lcb/original/lcbhard_64",
      "lcb/original/lcbhard_65",
      "lcb/original/lcbhard_71",
      "lcb/original/lcbhard_74",
      "lcb/original/lcbhard_83",
      "lcb/original/lcbhard_85",
      "lcb/original/lcbhard_86",
      "lcb/original/lcbhard_89",
      "lcb/original/lcbhard_96",
      "lcb/original/lcbhard_97"
    ],
    "selection_cheat": [
      "lcb/conflicting/lcbhard_9",
      "lcb/conflicting/lcbhard_21",
      "lcb/conflicting/lcbhard_22",
      "lcb/conflicting/lcbhard_29",
      "lcb/conflicting/lcbhard_57",
      "lcb/oneoff/lcbhard_24",
      "lcb/oneoff/lcbhard_44",
      "lcb/oneoff/lcbhard_59",
      "lcb/oneoff/lcbhard_90",
      "lcb/oneoff/lcbhard_101"
    ],
    "selection_original": [
      "lcb/original/lcbhard_0",
      "lcb/original/lcbhard_34",
      "lcb/original/lcbhard_35",
      "lcb/original/lcbhard_38",
      "lcb/original/lcbhard_41",
      "lcb/original/lcbhard_43",
      "lcb/original/lcbhard_69",
      "lcb/original/lcbhard_76",
      "lcb/original/lcbhard_96",
      "lcb/original/lcbhard_100"
    ],
    "training": [
      "lcb/original/lcbhard_5",
      "lcb/original/lcbhard_6",
      "lcb/original/lcbhard_18",
      "lcb/original/lcbhard_20",
      "lcb/original/lcbhard_23",
      "lcb/original/lcbhard_27",
      "lcb/original/lcbhard_28",
      "lcb/original/lcbhard_56",
      "lcb/original/lcbhard_63",
      "lcb/original/lcbhard_64",
      "lcb/original/lcbhard_65",
      "lcb/original/lcbhard_72",
      "lcb/original/lcbhard_73",
      "lcb/original/lcbhard_77",
      "lcb/original/lcbhard_78",
      "lcb/original/lcbhard_79",
      "lcb/original/lcbhard_85",
      "lcb/original/lcbhard_89",
      "lcb/original/lcbhard_93",
      "lcb/original/lcbhard_98"
    ]
  }
}
